
Microsoft Visual Studio Solution File, Format Version 12.00
# Visual Studio Version 16
VisualStudioVersion = 16.0.32802.440
MinimumVisualStudioVersion = 10.0.40219.1
Project("{FAE04EC0-301F-11D3-BF4B-00C04F79EFBC}") = "yedijas.mathpuzzle.main", "yedijas.mathpuzzle\yedijas.mathpuzzle.main.csproj", "{285FC92B-147F-4DE7-9420-B8A5E3CFDC44}"
EndProject
Project("{FAE04EC0-301F-11D3-BF4B-00C04F79EFBC}") = "yedijas.mathpuzzle.logic", "yedijas.mathpuzzle.logic\yedijas.mathpuzzle.logic.csproj", "{F7C134BE-77B6-425C-AFE9-5BB652228FF2}"
EndProject
Global
	GlobalSection(SolutionConfigurationPlatforms) = preSolution
		Debug|Any CPU = Debug|Any CPU
		Release|Any CPU = Release|Any CPU
	EndGlobalSection
	GlobalSection(ProjectConfigurationPlatforms) = postSolution
		{285FC92B-147F-4DE7-9420-B8A5E3CFDC44}.Debug|Any CPU.ActiveCfg = Debug|Any CPU
		{285FC92B-147F-4DE7-9420-B8A5E3CFDC44}.Debug|Any CPU.Build.0 = Debug|Any CPU
		{285FC92B-147F-4DE7-9420-B8A5E3CFDC44}.Release|Any CPU.ActiveCfg = Release|Any CPU
		{285FC92B-147F-4DE7-9420-B8A5E3CFDC44}.Release|Any CPU.Build.0 = Release|Any CPU
		{F7C134BE-77B6-425C-AFE9-5BB652228FF2}.Debug|Any CPU.ActiveCfg = Debug|Any CPU
		{F7C134BE-77B6-425C-AFE9-5BB652228FF2}.Debug|Any CPU.Build.0 = Debug|Any CPU
		{F7C134BE-77B6-425C-AFE9-5BB652228FF2}.Release|Any CPU.ActiveCfg = Release|Any CPU
		{F7C134BE-77B6-425C-AFE9-5BB652228FF2}.Release|Any CPU.Build.0 = Release|Any CPU
	EndGlobalSection
	GlobalSection(SolutionProperties) = preSolution
		HideSolutionNode = FALSE
	EndGlobalSection
	GlobalSection(ExtensibilityGlobals) = postSolution
		SolutionGuid = {8C1958B3-48F7-4965-B379-A08CA1B749AA}
	EndGlobalSection
EndGlobal
